
Microsoft Visual Studio Solution File, Format Version 12.00
# Visual Studio Version 17
VisualStudioVersion = 17.6.33723.286
MinimumVisualStudioVersion = 10.0.40219.1
Project("{FAE04EC0-301F-11D3-BF4B-00C04F79EFBC}") = "TidldyWinksWordCup", "TidldyWinksWordCup\TidldyWinksWordCup.csproj", "{497D1B6D-3B7B-4615-B39D-8AFD16D7638D}"
EndProject
Global
	GlobalSection(SolutionConfigurationPlatforms) = preSolution
		Debug|Any CPU = Debug|Any CPU
		Release|Any CPU = Release|Any CPU
	EndGlobalSection
	GlobalSection(ProjectConfigurationPlatforms) = postSolution
		{497D1B6D-3B7B-4615-B39D-8AFD16D7638D}.Debug|Any CPU.ActiveCfg = Debug|Any CPU
		{497D1B6D-3B7B-4615-B39D-8AFD16D7638D}.Debug|Any CPU.Build.0 = Debug|Any CPU
		{497D1B6D-3B7B-4615-B39D-8AFD16D7638D}.Release|Any CPU.ActiveCfg = Release|Any CPU
		{497D1B6D-3B7B-4615-B39D-8AFD16D7638D}.Release|Any CPU.Build.0 = Release|Any CPU
	EndGlobalSection
	GlobalSection(SolutionProperties) = preSolution
		HideSolutionNode = FALSE
	EndGlobalSection
	GlobalSection(ExtensibilityGlobals) = postSolution
		SolutionGuid = {76F4108A-E0C1-44A1-A7B1-EDDFF321649A}
	EndGlobalSection
EndGlobal
